{
    "_meta": {
        "hash": {
            "sha256": "e578101b4ab8b088cac4d3404fb99f28678953cab33836f7d9290b1db26fa82d"
        },
        "pipfile-spec": 6,
        "requires": {
            "python_version": "3.11"
        },
        "sources": [
            {
                "name": "pypi",
                "url": "https://pypi.org/simple",
                "verify_ssl": true
            }
        ]
    },
    "default": {
        "pip": {
            "hashes": [
                "sha256:5052d7889c1f9d05224cd41741acb7c5d6fa735ab34e339624a614eaaa7e7d76",
                "sha256:7fd9972f96db22c8077a1ee2691b172c8089b17a5652a44494a9ecb0d78f9149"
            ],
            "index": "pypi",
            "version": "==23.3.2"
        }
    },
    "develop": {}
}
